// !$*UTF8*$!
{
	archiveVersion = 1;
	classes = {
	};
	objectVersion = 51;
	objects = {

/* Begin PBXBuildFile section */
		5A1E77B7A9C822ECBE9E149F /* Pods_ParstagramTests.framework in Frameworks */ = {isa = PBXBuildFile; fileRef = CC129EF165F5B5F6C15CCE09 /* Pods_ParstagramTests.framework */; };
		713E0019241950B3008D4EE1 /* PostTableViewCell.swift in Sources */ = {isa = PBXBuildFile; fileRef = 713E0018241950B3008D4EE1 /* PostTableViewCell.swift */; };
		717674DC2417FBFA0018F2E3 /* AppDelegate.swift in Sources */ = {isa = PBXBuildFile; fileRef = 717674DB2417FBFA0018F2E3 /* AppDelegate.swift */; };
		717674DE2417FBFA0018F2E3 /* SceneDelegate.swift in Sources */ = {isa = PBXBuildFile; fileRef = 717674DD2417FBFA0018F2E3 /* SceneDelegate.swift */; };
		717674E32417FBFA0018F2E3 /* Main.storyboard in Resources */ = {isa = PBXBuildFile; fileRef = 717674E12417FBFA0018F2E3 /* Main.storyboard */; };
		717674E52417FBFB0018F2E3 /* Assets.xcassets in Resources */ = {isa = PBXBuildFile; fileRef = 717674E42417FBFB0018F2E3 /* Assets.xcassets */; };
		717674E82417FBFB0018F2E3 /* LaunchScreen.storyboard in Resources */ = {isa = PBXBuildFile; fileRef = 717674E62417FBFB0018F2E3 /* LaunchScreen.storyboard */; };
		717674F32417FBFB0018F2E3 /* ParstagramTests.swift in Sources */ = {isa = PBXBuildFile; fileRef = 717674F22417FBFB0018F2E3 /* ParstagramTests.swift */; };
		7188D4C8241844BF00FBE9DA /* CameraViewController.swift in Sources */ = {isa = PBXBuildFile; fileRef = 7188D4C7241844BF00FBE9DA /* CameraViewController.swift */; };
		71FDCA9824183EA000B92A02 /* LoginViewController.swift in Sources */ = {isa = PBXBuildFile; fileRef = 71FDCA9724183EA000B92A02 /* LoginViewController.swift */; };
		71FDCA9A24183EA900B92A02 /* FeedViewController.swift in Sources */ = {isa = PBXBuildFile; fileRef = 71FDCA9924183EA900B92A02 /* FeedViewController.swift */; };
		7EB7567200CC836E80B20A98 /* Pods_Parstagram.framework in Frameworks */ = {isa = PBXBuildFile; fileRef = 571D0BC11874485E61EC6196 /* Pods_Parstagram.framework */; };
/* End PBXBuildFile section */

/* Begin PBXContainerItemProxy section */
		717674EF2417FBFB0018F2E3 /* PBXContainerItemProxy */ = {
			isa = PBXContainerItemProxy;
			containerPortal = 717674D02417FBFA0018F2E3 /* Project object */;
			proxyType = 1;
			remoteGlobalIDString = 717674D72417FBFA0018F2E3;
			remoteInfo = Parstagram;
		};
/* End PBXContainerItemProxy section */

/* Begin PBXFileReference section */
		571D0BC11874485E61EC6196 /* Pods_Parstagram.framework */ = {isa = PBXFileReference; explicitFileType = wrapper.framework; includeInIndex = 0; path = Pods_Parstagram.framework; sourceTree = BUILT_PRODUCTS_DIR; };
		713E0018241950B3008D4EE1 /* PostTableViewCell.swift */ = {isa = PBXFileReference; lastKnownFileType = sourcecode.swift; path = PostTableViewCell.swift; sourceTree = "<group>"; };
		717674D82417FBFA0018F2E3 /* Parstagram.app */ = {isa = PBXFileReference; explicitFileType = wrapper.application; includeInIndex = 0; path = Parstagram.app; sourceTree = BUILT_PRODUCTS_DIR; };
		717674DB2417FBFA0018F2E3 /* AppDelegate.swift */ = {isa = PBXFileReference; lastKnownFileType = sourcecode.swift; path = AppDelegate.swift; sourceTree = "<group>"; };
		717674DD2417FBFA0018F2E3 /* SceneDelegate.swift */ = {isa = PBXFileReference; lastKnownFileType = sourcecode.swift; path = SceneDelegate.swift; sourceTree = "<group>"; };
		717674E22417FBFA0018F2E3 /* Base */ = {isa = PBXFileReference; lastKnownFileType = file.storyboard; name = Base; path = Base.lproj/Main.storyboard; sourceTree = "<group>"; };
		717674E42417FBFB0018F2E3 /* Assets.xcassets */ = {isa = PBXFileReference; lastKnownFileType = folder.assetcatalog; path = Assets.xcassets; sourceTree = "<group>"; };
		717674E72417FBFB0018F2E3 /* Base */ = {isa = PBXFileReference; lastKnownFileType = file.storyboard; name = Base; path = Base.lproj/LaunchScreen.storyboard; sourceTree = "<group>"; };
		717674E92417FBFB0018F2E3 /* Info.plist */ = {isa = PBXFileReference; lastKnownFileType = text.plist.xml; path = Info.plist; sourceTree = "<group>"; };
		717674EE2417FBFB0018F2E3 /* ParstagramTests.xctest */ = {isa = PBXFileReference; explicitFileType = wrapper.cfbundle; includeInIndex = 0; path = ParstagramTests.xctest; sourceTree = BUILT_PRODUCTS_DIR; };
		717674F22417FBFB0018F2E3 /* ParstagramTests.swift */ = {isa = PBXFileReference; lastKnownFileType = sourcecode.swift; path = ParstagramTests.swift; sourceTree = "<group>"; };
		717674F42417FBFB0018F2E3 /* Info.plist */ = {isa = PBXFileReference; lastKnownFileType = text.plist.xml; path = Info.plist; sourceTree = "<group>"; };
		7188D4C7241844BF00FBE9DA /* CameraViewController.swift */ = {isa = PBXFileReference; lastKnownFileType = sourcecode.swift; path = CameraViewController.swift; sourceTree = "<group>"; };
		71FDCA9724183EA000B92A02 /* LoginViewController.swift */ = {isa = PBXFileReference; lastKnownFileType = sourcecode.swift; path = LoginViewController.swift; sourceTree = "<group>"; };
		71FDCA9924183EA900B92A02 /* FeedViewController.swift */ = {isa = PBXFileReference; lastKnownFileType = sourcecode.swift; path = FeedViewController.swift; sourceTree = "<group>"; };
		993FF86BBA1ADA16399EC354 /* Pods-Parstagram.release.xcconfig */ = {isa = PBXFileReference; includeInIndex = 1; lastKnownFileType = text.xcconfig; name = "Pods-Parstagram.release.xcconfig"; path = "Target Support Files/Pods-Parstagram/Pods-Parstagram.release.xcconfig"; sourceTree = "<group>"; };
		9BA8B729A21FCCAC44041BE8 /* Pods-ParstagramTests.release.xcconfig */ = {isa = PBXFileReference; includeInIndex = 1; lastKnownFileType = text.xcconfig; name = "Pods-ParstagramTests.release.xcconfig"; path = "Target Support Files/Pods-ParstagramTests/Pods-ParstagramTests.release.xcconfig"; sourceTree = "<group>"; };
		C04B1C3A0143CA05FEA52ADC /* Pods-ParstagramTests.debug.xcconfig */ = {isa = PBXFileReference; includeInIndex = 1; lastKnownFileType = text.xcconfig; name = "Pods-ParstagramTests.debug.xcconfig"; path = "Target Support Files/Pods-ParstagramTests/Pods-ParstagramTests.debug.xcconfig"; sourceTree = "<group>"; };
		C2917F215578A4436C412B25 /* Pods-Parstagram.debug.xcconfig */ = {isa = PBXFileReference; includeInIndex = 1; lastKnownFileType = text.xcconfig; name = "Pods-Parstagram.debug.xcconfig"; path = "Target Support Files/Pods-Parstagram/Pods-Parstagram.debug.xcconfig"; sourceTree = "<group>"; };
		CC129EF165F5B5F6C15CCE09 /* Pods_ParstagramTests.framework */ = {isa = PBXFileReference; explicitFileType = wrapper.framework; includeInIndex = 0; path = Pods_ParstagramTests.framework; sourceTree = BUILT_PRODUCTS_DIR; };
/* End PBXFileReference section */

/* Begin PBXFrameworksBuildPhase section */
		717674D52417FBFA0018F2E3 /* Frameworks */ = {
			isa = PBXFrameworksBuildPhase;
			buildActionMask = 2147483647;
			files = (
				7EB7567200CC836E80B20A98 /* Pods_Parstagram.framework in Frameworks */,
			);
			runOnlyForDeploymentPostprocessing = 0;
		};
		717674EB2417FBFB0018F2E3 /* Frameworks */ = {
			isa = PBXFrameworksBuildPhase;
			buildActionMask = 2147483647;
			files = (
				5A1E77B7A9C822ECBE9E149F /* Pods_ParstagramTests.framework in Frameworks */,
			);
			runOnlyForDeploymentPostprocessing = 0;
		};
/* End PBXFrameworksBuildPhase section */

/* Begin PBXGroup section */
		32913F433ED08759087B3E77 /* Frameworks */ = {
			isa = PBXGroup;
			children = (
				571D0BC11874485E61EC6196 /* Pods_Parstagram.framework */,
				CC129EF165F5B5F6C15CCE09 /* Pods_ParstagramTests.framework */,
			);
			name = Frameworks;
			sourceTree = "<group>";
		};
		717674CF2417FBFA0018F2E3 = {
			isa = PBXGroup;
			children = (
				717674DA2417FBFA0018F2E3 /* Parstagram */,
				717674F12417FBFB0018F2E3 /* ParstagramTests */,
				717674D92417FBFA0018F2E3 /* Products */,
				C5452D442A7E413F80ED83AC /* Pods */,
				32913F433ED08759087B3E77 /* Frameworks */,
			);
			sourceTree = "<group>";
		};
		717674D92417FBFA0018F2E3 /* Products */ = {
			isa = PBXGroup;
			children = (
				717674D82417FBFA0018F2E3 /* Parstagram.app */,
				717674EE2417FBFB0018F2E3 /* ParstagramTests.xctest */,
			);
			name = Products;
			sourceTree = "<group>";
		};
		717674DA2417FBFA0018F2E3 /* Parstagram */ = {
			isa = PBXGroup;
			children = (
				717674DB2417FBFA0018F2E3 /* AppDelegate.swift */,
				717674DD2417FBFA0018F2E3 /* SceneDelegate.swift */,
				717674E12417FBFA0018F2E3 /* Main.storyboard */,
				717674E42417FBFB0018F2E3 /* Assets.xcassets */,
				717674E62417FBFB0018F2E3 /* LaunchScreen.storyboard */,
				717674E92417FBFB0018F2E3 /* Info.plist */,
				71FDCA9724183EA000B92A02 /* LoginViewController.swift */,
				71FDCA9924183EA900B92A02 /* FeedViewController.swift */,
				7188D4C7241844BF00FBE9DA /* CameraViewController.swift */,
				713E0018241950B3008D4EE1 /* PostTableViewCell.swift */,
			);
			path = Parstagram;
			sourceTree = "<group>";
		};
		717674F12417FBFB0018F2E3 /* ParstagramTests */ = {
			isa = PBXGroup;
			children = (
				717674F22417FBFB0018F2E3 /* ParstagramTests.swift */,
				717674F42417FBFB0018F2E3 /* Info.plist */,
			);
			path = ParstagramTests;
			sourceTree = "<group>";
		};
		C5452D442A7E413F80ED83AC /* Pods */ = {
			isa = PBXGroup;
			children = (
				C2917F215578A4436C412B25 /* Pods-Parstagram.debug.xcconfig */,
				993FF86BBA1ADA16399EC354 /* Pods-Parstagram.release.xcconfig */,
				C04B1C3A0143CA05FEA52ADC /* Pods-ParstagramTests.debug.xcconfig */,
				9BA8B729A21FCCAC44041BE8 /* Pods-ParstagramTests.release.xcconfig */,
			);
			path = Pods;
			sourceTree = "<group>";
		};
/* End PBXGroup section */

/* Begin PBXNativeTarget section */
		717674D72417FBFA0018F2E3 /* Parstagram */ = {
			isa = PBXNativeTarget;
			buildConfigurationList = 717674F72417FBFB0018F2E3 /* Build configuration list for PBXNativeTarget "Parstagram" */;
			buildPhases = (
				98DEF4E6F9707E965C4D0852 /* [CP] Check Pods Manifest.lock */,
				717674D42417FBFA0018F2E3 /* Sources */,
				717674D52417FBFA0018F2E3 /* Frameworks */,
				717674D62417FBFA0018F2E3 /* Resources */,
				7E82CEFA54AED6089A6B988B /* [CP] Embed Pods Frameworks */,
			);
			buildRules = (
			);
			dependencies = (
			);
			name = Parstagram;
			productName = Parstagram;
			productReference = 717674D82417FBFA0018F2E3 /* Parstagram.app */;
			productType = "com.apple.product-type.application";
		};
		717674ED2417FBFB0018F2E3 /* ParstagramTests */ = {
			isa = PBXNativeTarget;
			buildConfigurationList = 717674FA2417FBFB0018F2E3 /* Build configuration list for PBXNativeTarget "ParstagramTests" */;
			buildPhases = (
				5FAE01DC05CF5864360A2CB4 /* [CP] Check Pods Manifest.lock */,
				717674EA2417FBFB0018F2E3 /* Sources */,
				717674EB2417FBFB0018F2E3 /* Frameworks */,
				717674EC2417FBFB0018F2E3 /* Resources */,
			);
			buildRules = (
			);
			dependencies = (
				717674F02417FBFB0018F2E3 /* PBXTargetDependency */,
			);
			name = ParstagramTests;
			productName = ParstagramTests;
			productReference = 717674EE2417FBFB0018F2E3 /* ParstagramTests.xctest */;
			productType = "com.apple.product-type.bundle.unit-test";
		};
/* End PBXNativeTarget section */

/* Begin PBXProject section */
		717674D02417FBFA0018F2E3 /* Project object */ = {
			isa = PBXProject;
			attributes = {
				LastSwiftUpdateCheck = 1130;
				LastUpgradeCheck = 1130;
				ORGANIZATIONNAME = adamcanderson400;
				TargetAttributes = {
					717674D72417FBFA0018F2E3 = {
						CreatedOnToolsVersion = 11.3.1;
					};
					717674ED2417FBFB0018F2E3 = {
						CreatedOnToolsVersion = 11.3.1;
						TestTargetID = 717674D72417FBFA0018F2E3;
					};
				};
			};
			buildConfigurationList = 717674D32417FBFA0018F2E3 /* Build configuration list for PBXProject "Parstagram" */;
			compatibilityVersion = "Xcode 9.3";
			developmentRegion = en;
			hasScannedForEncodings = 0;
			knownRegions = (
				en,
				Base,
			);
			mainGroup = 717674CF2417FBFA0018F2E3;
			productRefGroup = 717674D92417FBFA0018F2E3 /* Products */;
			projectDirPath = "";
			projectRoot = "";
			targets = (
				717674D72417FBFA0018F2E3 /* Parstagram */,
				717674ED2417FBFB0018F2E3 /* ParstagramTests */,
			);
		};
/* End PBXProject section */

/* Begin PBXResourcesBuildPhase section */
		717674D62417FBFA0018F2E3 /* Resources */ = {
			isa = PBXResourcesBuildPhase;
			buildActionMask = 2147483647;
			files = (
				717674E82417FBFB0018F2E3 /* LaunchScreen.storyboard in Resources */,
				717674E52417FBFB0018F2E3 /* Assets.xcassets in Resources */,
				717674E32417FBFA0018F2E3 /* Main.storyboard in Resources */,
			);
			runOnlyForDeploymentPostprocessing = 0;
		};
		717674EC2417FBFB0018F2E3 /* Resources */ = {
			isa = PBXResourcesBuildPhase;
			buildActionMask = 2147483647;
			files = (
			);
			runOnlyForDeploymentPostprocessing = 0;
		};
/* End PBXResourcesBuildPhase section */

/* Begin PBXShellScriptBuildPhase section */
		5FAE01DC05CF5864360A2CB4 /* [CP] Check Pods Manifest.lock */ = {
			isa = PBXShellScriptBuildPhase;
			buildActionMask = 2147483647;
			files = (
			);
			inputFileListPaths = (
			);
			inputPaths = (
				"${PODS_PODFILE_DIR_PATH}/Podfile.lock",
				"${PODS_ROOT}/Manifest.lock",
			);
			name = "[CP] Check Pods Manifest.lock";
			outputFileListPaths = (
			);
			outputPaths = (
				"$(DERIVED_FILE_DIR)/Pods-ParstagramTests-checkManifestLockResult.txt",
			);
			runOnlyForDeploymentPostprocessing = 0;
			shellPath = /bin/sh;
			shellScript = "diff \"${PODS_PODFILE_DIR_PATH}/Podfile.lock\" \"${PODS_ROOT}/Manifest.lock\" > /dev/null\nif [ $? != 0 ] ; then\n    # print error to STDERR\n    echo \"error: The sandbox is not in sync with the Podfile.lock. Run 'pod install' or update your CocoaPods installation.\" >&2\n    exit 1\nfi\n# This output is used by Xcode 'outputs' to avoid re-running this script phase.\necho \"SUCCESS\" > \"${SCRIPT_OUTPUT_FILE_0}\"\n";
			showEnvVarsInLog = 0;
		};
		7E82CEFA54AED6089A6B988B /* [CP] Embed Pods Frameworks */ = {
			isa = PBXShellScriptBuildPhase;
			buildActionMask = 2147483647;
			files = (
			);
			inputFileListPaths = (
				"${PODS_ROOT}/Target Support Files/Pods-Parstagram/Pods-Parstagram-frameworks-${CONFIGURATION}-input-files.xcfilelist",
			);
			name = "[CP] Embed Pods Frameworks";
			outputFileListPaths = (
				"${PODS_ROOT}/Target Support Files/Pods-Parstagram/Pods-Parstagram-frameworks-${CONFIGURATION}-output-files.xcfilelist",
			);
			runOnlyForDeploymentPostprocessing = 0;
			shellPath = /bin/sh;
			shellScript = "\"${PODS_ROOT}/Target Support Files/Pods-Parstagram/Pods-Parstagram-frameworks.sh\"\n";
			showEnvVarsInLog = 0;
		};
		98DEF4E6F9707E965C4D0852 /* [CP] Check Pods Manifest.lock */ = {
			isa = PBXShellScriptBuildPhase;
			buildActionMask = 2147483647;
			files = (
			);
			inputFileListPaths = (
			);
			inputPaths = (
				"${PODS_PODFILE_DIR_PATH}/Podfile.lock",
				"${PODS_ROOT}/Manifest.lock",
			);
			name = "[CP] Check Pods Manifest.lock";
			outputFileListPaths = (
			);
			outputPaths = (
				"$(DERIVED_FILE_DIR)/Pods-Parstagram-checkManifestLockResult.txt",
			);
			runOnlyForDeploymentPostprocessing = 0;
			shellPath = /bin/sh;
			shellScript = "diff \"${PODS_PODFILE_DIR_PATH}/Podfile.lock\" \"${PODS_ROOT}/Manifest.lock\" > /dev/null\nif [ $? != 0 ] ; then\n    # print error to STDERR\n    echo \"error: The sandbox is not in sync with the Podfile.lock. Run 'pod install' or update your CocoaPods installation.\" >&2\n    exit 1\nfi\n# This output is used by Xcode 'outputs' to avoid re-running this script phase.\necho \"SUCCESS\" > \"${SCRIPT_OUTPUT_FILE_0}\"\n";
			showEnvVarsInLog = 0;
		};
/* End PBXShellScriptBuildPhase section */

/* Begin PBXSourcesBuildPhase section */
		717674D42417FBFA0018F2E3 /* Sources */ = {
			isa = PBXSourcesBuildPhase;
			buildActionMask = 2147483647;
			files = (
				71FDCA9824183EA000B92A02 /* LoginViewController.swift in Sources */,
				7188D4C8241844BF00FBE9DA /* CameraViewController.swift in Sources */,
				717674DC2417FBFA0018F2E3 /* AppDelegate.swift in Sources */,
				71FDCA9A24183EA900B92A02 /* FeedViewController.swift in Sources */,
				717674DE2417FBFA0018F2E3 /* SceneDelegate.swift in Sources */,
				713E0019241950B3008D4EE1 /* PostTableViewCell.swift in Sources */,
			);
			runOnlyForDeploymentPostprocessing = 0;
		};
		717674EA2417FBFB0018F2E3 /* Sources */ = {
			isa = PBXSourcesBuildPhase;
			buildActionMask = 2147483647;
			files = (
				717674F32417FBFB0018F2E3 /* ParstagramTests.swift in Sources */,
			);
			runOnlyForDeploymentPostprocessing = 0;
		};
/* End PBXSourcesBuildPhase section */

/* Begin PBXTargetDependency section */
		717674F02417FBFB0018F2E3 /* PBXTargetDependency */ = {
			isa = PBXTargetDependency;
			target = 717674D72417FBFA0018F2E3 /* Parstagram */;
			targetProxy = 717674EF2417FBFB0018F2E3 /* PBXContainerItemProxy */;
		};
/* End PBXTargetDependency section */

/* Begin PBXVariantGroup section */
		717674E12417FBFA0018F2E3 /* Main.storyboard */ = {
			isa = PBXVariantGroup;
			children = (
				717674E22417FBFA0018F2E3 /* Base */,
			);
			name = Main.storyboard;
			sourceTree = "<group>";
		};
		717674E62417FBFB0018F2E3 /* LaunchScreen.storyboard */ = {
			isa = PBXVariantGroup;
			children = (
				717674E72417FBFB0018F2E3 /* Base */,
			);
			name = LaunchScreen.storyboard;
			sourceTree = "<group>";
		};
/* End PBXVariantGroup section */

/* Begin XCBuildConfiguration section */
		717674F52417FBFB0018F2E3 /* Debug */ = {
			isa = XCBuildConfiguration;
			buildSettings = {
				ALWAYS_SEARCH_USER_PATHS = NO;
				CLANG_ANALYZER_NONNULL = YES;
				CLANG_ANALYZER_NUMBER_OBJECT_CONVERSION = YES_AGGRESSIVE;
				CLANG_CXX_LANGUAGE_STANDARD = "gnu++14";
				CLANG_CXX_LIBRARY = "libc++";
				CLANG_ENABLE_MODULES = YES;
				CLANG_ENABLE_OBJC_ARC = YES;
				CLANG_ENABLE_OBJC_WEAK = YES;
				CLANG_WARN_BLOCK_CAPTURE_AUTORELEASING = YES;
				CLANG_WARN_BOOL_CONVERSION = YES;
				CLANG_WARN_COMMA = YES;
				CLANG_WARN_CONSTANT_CONVERSION = YES;
				CLANG_WARN_DEPRECATED_OBJC_IMPLEMENTATIONS = YES;
				CLANG_WARN_DIRECT_OBJC_ISA_USAGE = YES_ERROR;
				CLANG_WARN_DOCUMENTATION_COMMENTS = YES;
				CLANG_WARN_EMPTY_BODY = YES;
				CLANG_WARN_ENUM_CONVERSION = YES;
				CLANG_WARN_INFINITE_RECURSION = YES;
				CLANG_WARN_INT_CONVERSION = YES;
				CLANG_WARN_NON_LITERAL_NULL_CONVERSION = YES;
				CLANG_WARN_OBJC_IMPLICIT_RETAIN_SELF = YES;
				CLANG_WARN_OBJC_LITERAL_CONVERSION = YES;
				CLANG_WARN_OBJC_ROOT_CLASS = YES_ERROR;
				CLANG_WARN_RANGE_LOOP_ANALYSIS = YES;
				CLANG_WARN_STRICT_PROTOTYPES = YES;
				CLANG_WARN_SUSPICIOUS_MOVE = YES;
				CLANG_WARN_UNGUARDED_AVAILABILITY = YES_AGGRESSIVE;
				CLANG_WARN_UNREACHABLE_CODE = YES;
				CLANG_WARN__DUPLICATE_METHOD_MATCH = YES;
				COPY_PHASE_STRIP = NO;
				DEBUG_INFORMATION_FORMAT = dwarf;
				ENABLE_STRICT_OBJC_MSGSEND = YES;
				ENABLE_TESTABILITY = YES;
				GCC_C_LANGUAGE_STANDARD = gnu11;
				GCC_DYNAMIC_NO_PIC = NO;
				GCC_NO_COMMON_BLOCKS = YES;
				GCC_OPTIMIZATION_LEVEL = 0;
				GCC_PREPROCESSOR_DEFINITIONS = (
					"DEBUG=1",
					"$(inherited)",
				);
				GCC_WARN_64_TO_32_BIT_CONVERSION = YES;
				GCC_WARN_ABOUT_RETURN_TYPE = YES_ERROR;
				GCC_WARN_UNDECLARED_SELECTOR = YES;
				GCC_WARN_UNINITIALIZED_AUTOS = YES_AGGRESSIVE;
				GCC_WARN_UNUSED_FUNCTION = YES;
				GCC_WARN_UNUSED_VARIABLE = YES;
				IPHONEOS_DEPLOYMENT_TARGET = 13.2;
				MTL_ENABLE_DEBUG_INFO = INCLUDE_SOURCE;
				MTL_FAST_MATH = YES;
				ONLY_ACTIVE_ARCH = YES;
				SDKROOT = iphoneos;
				SWIFT_ACTIVE_COMPILATION_CONDITIONS = DEBUG;
				SWIFT_OPTIMIZATION_LEVEL = "-Onone";
			};
			name = Debug;
		};
		717674F62417FBFB0018F2E3 /* Release */ = {
			isa = XCBuildConfiguration;
			buildSettings = {
				ALWAYS_SEARCH_USER_PATHS = NO;
				CLANG_ANALYZER_NONNULL = YES;
				CLANG_ANALYZER_NUMBER_OBJECT_CONVERSION = YES_AGGRESSIVE;
				CLANG_CXX_LANGUAGE_STANDARD = "gnu++14";
				CLANG_CXX_LIBRARY = "libc++";
				CLANG_ENABLE_MODULES = YES;
				CLANG_ENABLE_OBJC_ARC = YES;
				CLANG_ENABLE_OBJC_WEAK = YES;
				CLANG_WARN_BLOCK_CAPTURE_AUTORELEASING = YES;
				CLANG_WARN_BOOL_CONVERSION = YES;
				CLANG_WARN_COMMA = YES;
				CLANG_WARN_CONSTANT_CONVERSION = YES;
				CLANG_WARN_DEPRECATED_OBJC_IMPLEMENTATIONS = YES;
				CLANG_WARN_DIRECT_OBJC_ISA_USAGE = YES_ERROR;
				CLANG_WARN_DOCUMENTATION_COMMENTS = YES;
				CLANG_WARN_EMPTY_BODY = YES;
				CLANG_WARN_ENUM_CONVERSION = YES;
				CLANG_WARN_INFINITE_RECURSION = YES;
				CLANG_WARN_INT_CONVERSION = YES;
				CLANG_WARN_NON_LITERAL_NULL_CONVERSION = YES;
				CLANG_WARN_OBJC_IMPLICIT_RETAIN_SELF = YES;
				CLANG_WARN_OBJC_LITERAL_CONVERSION = YES;
				CLANG_WARN_OBJC_ROOT_CLASS = YES_ERROR;
				CLANG_WARN_RANGE_LOOP_ANALYSIS = YES;
				CLANG_WARN_STRICT_PROTOTYPES = YES;
				CLANG_WARN_SUSPICIOUS_MOVE = YES;
				CLANG_WARN_UNGUARDED_AVAILABILITY = YES_AGGRESSIVE;
				CLANG_WARN_UNREACHABLE_CODE = YES;
				CLANG_WARN__DUPLICATE_METHOD_MATCH = YES;
				COPY_PHASE_STRIP = NO;
				DEBUG_INFORMATION_FORMAT = "dwarf-with-dsym";
				ENABLE_NS_ASSERTIONS = NO;
				ENABLE_STRICT_OBJC_MSGSEND = YES;
				GCC_C_LANGUAGE_STANDARD = gnu11;
				GCC_NO_COMMON_BLOCKS = YES;
				GCC_WARN_64_TO_32_BIT_CONVERSION = YES;
				GCC_WARN_ABOUT_RETURN_TYPE = YES_ERROR;
				GCC_WARN_UNDECLARED_SELECTOR = YES;
				GCC_WARN_UNINITIALIZED_AUTOS = YES_AGGRESSIVE;
				GCC_WARN_UNUSED_FUNCTION = YES;
				GCC_WARN_UNUSED_VARIABLE = YES;
				IPHONEOS_DEPLOYMENT_TARGET = 13.2;
				MTL_ENABLE_DEBUG_INFO = NO;
				MTL_FAST_MATH = YES;
				SDKROOT = iphoneos;
				SWIFT_COMPILATION_MODE = wholemodule;
				SWIFT_OPTIMIZATION_LEVEL = "-O";
				VALIDATE_PRODUCT = YES;
			};
			name = Release;
		};
		717674F82417FBFB0018F2E3 /* Debug */ = {
			isa = XCBuildConfiguration;
			baseConfigurationReference = C2917F215578A4436C412B25 /* Pods-Parstagram.debug.xcconfig */;
			buildSettings = {
				ASSETCATALOG_COMPILER_APPICON_NAME = AppIcon;
				CODE_SIGN_STYLE = Automatic;
				DEVELOPMENT_TEAM = 3Y9DK6PUZE;
				INFOPLIST_FILE = Parstagram/Info.plist;
				LD_RUNPATH_SEARCH_PATHS = (
					"$(inherited)",
					"@executable_path/Frameworks",
				);
				PRODUCT_BUNDLE_IDENTIFIER = com.example.Parstagram;
				PRODUCT_NAME = "$(TARGET_NAME)";
				SWIFT_VERSION = 5.0;
				TARGETED_DEVICE_FAMILY = "1,2";
			};
			name = Debug;
		};
		717674F92417FBFB0018F2E3 /* Release */ = {
			isa = XCBuildConfiguration;
			baseConfigurationReference = 993FF86BBA1ADA16399EC354 /* Pods-Parstagram.release.xcconfig */;
			buildSettings = {
				ASSETCATALOG_COMPILER_APPICON_NAME = AppIcon;
				CODE_SIGN_STYLE = Automatic;
				DEVELOPMENT_TEAM = 3Y9DK6PUZE;
				INFOPLIST_FILE = Parstagram/Info.plist;
				LD_RUNPATH_SEARCH_PATHS = (
					"$(inherited)",
					"@executable_path/Frameworks",
				);
				PRODUCT_BUNDLE_IDENTIFIER = com.example.Parstagram;
				PRODUCT_NAME = "$(TARGET_NAME)";
				SWIFT_VERSION = 5.0;
				TARGETED_DEVICE_FAMILY = "1,2";
			};
			name = Release;
		};
		717674FB2417FBFB0018F2E3 /* Debug */ = {
			isa = XCBuildConfiguration;
			baseConfigurationReference = C04B1C3A0143CA05FEA52ADC /* Pods-ParstagramTests.debug.xcconfig */;
			buildSettings = {
				ALWAYS_EMBED_SWIFT_STANDARD_LIBRARIES = YES;
				BUNDLE_LOADER = "$(TEST_HOST)";
				CODE_SIGN_STYLE = Automatic;
				DEVELOPMENT_TEAM = 3Y9DK6PUZE;
				INFOPLIST_FILE = ParstagramTests/Info.plist;
				IPHONEOS_DEPLOYMENT_TARGET = 13.2;
				LD_RUNPATH_SEARCH_PATHS = (
					"$(inherited)",
					"@executable_path/Frameworks",
					"@loader_path/Frameworks",
				);
				PRODUCT_BUNDLE_IDENTIFIER = com.example.ParstagramTests;
				PRODUCT_NAME = "$(TARGET_NAME)";
				SWIFT_VERSION = 5.0;
				TARGETED_DEVICE_FAMILY = "1,2";
				TEST_HOST = "$(BUILT_PRODUCTS_DIR)/Parstagram.app/Parstagram";
			};
			name = Debug;
		};
		717674FC2417FBFB0018F2E3 /* Release */ = {
			isa = XCBuildConfiguration;
			baseConfigurationReference = 9BA8B729A21FCCAC44041BE8 /* Pods-ParstagramTests.release.xcconfig */;
			buildSettings = {
				ALWAYS_EMBED_SWIFT_STANDARD_LIBRARIES = YES;
				BUNDLE_LOADER = "$(TEST_HOST)";
				CODE_SIGN_STYLE = Automatic;
				DEVELOPMENT_TEAM = 3Y9DK6PUZE;
				INFOPLIST_FILE = ParstagramTests/Info.plist;
				IPHONEOS_DEPLOYMENT_TARGET = 13.2;
				LD_RUNPATH_SEARCH_PATHS = (
					"$(inherited)",
					"@executable_path/Frameworks",
					"@loader_path/Frameworks",
				);
				PRODUCT_BUNDLE_IDENTIFIER = com.example.ParstagramTests;
				PRODUCT_NAME = "$(TARGET_NAME)";
				SWIFT_VERSION = 5.0;
				TARGETED_DEVICE_FAMILY = "1,2";
				TEST_HOST = "$(BUILT_PRODUCTS_DIR)/Parstagram.app/Parstagram";
			};
			name = Release;
		};
/* End XCBuildConfiguration section */

/* Begin XCConfigurationList section */
		717674D32417FBFA0018F2E3 /* Build configuration list for PBXProject "Parstagram" */ = {
			isa = XCConfigurationList;
			buildConfigurations = (
				717674F52417FBFB0018F2E3 /* Debug */,
				717674F62417FBFB0018F2E3 /* Release */,
			);
			defaultConfigurationIsVisible = 0;
			defaultConfigurationName = Release;
		};
		717674F72417FBFB0018F2E3 /* Build configuration list for PBXNativeTarget "Parstagram" */ = {
			isa = XCConfigurationList;
			buildConfigurations = (
				717674F82417FBFB0018F2E3 /* Debug */,
				717674F92417FBFB0018F2E3 /* Release */,
			);
			defaultConfigurationIsVisible = 0;
			defaultConfigurationName = Release;
		};
		717674FA2417FBFB0018F2E3 /* Build configuration list for PBXNativeTarget "ParstagramTests" */ = {
			isa = XCConfigurationList;
			buildConfigurations = (
				717674FB2417FBFB0018F2E3 /* Debug */,
				717674FC2417FBFB0018F2E3 /* Release */,
			);
			defaultConfigurationIsVisible = 0;
			defaultConfigurationName = Release;
		};
/* End XCConfigurationList section */
	};
	rootObject = 717674D02417FBFA0018F2E3 /* Project object */;
}
